
Microsoft Visual Studio Solution File, Format Version 12.00
# Visual Studio Version 17
VisualStudioVersion = 17.14.36203.30 d17.14
MinimumVisualStudioVersion = 10.0.40219.1
Project("{FAE04EC0-301F-11D3-BF4B-00C04F79EFBC}") = "CadastroDeUsuario", "CadastroDeUsuario\CadastroDeUsuario.csproj", "{C5703F1A-B0A3-403B-847C-1C99C9CF637A}"
EndProject
Global
	GlobalSection(SolutionConfigurationPlatforms) = preSolution
		Debug|Any CPU = Debug|Any CPU
		Release|Any CPU = Release|Any CPU
	EndGlobalSection
	GlobalSection(ProjectConfigurationPlatforms) = postSolution
		{C5703F1A-B0A3-403B-847C-1C99C9CF637A}.Debug|Any CPU.ActiveCfg = Debug|Any CPU
		{C5703F1A-B0A3-403B-847C-1C99C9CF637A}.Debug|Any CPU.Build.0 = Debug|Any CPU
		{C5703F1A-B0A3-403B-847C-1C99C9CF637A}.Release|Any CPU.ActiveCfg = Release|Any CPU
		{C5703F1A-B0A3-403B-847C-1C99C9CF637A}.Release|Any CPU.Build.0 = Release|Any CPU
	EndGlobalSection
	GlobalSection(SolutionProperties) = preSolution
		HideSolutionNode = FALSE
	EndGlobalSection
	GlobalSection(ExtensibilityGlobals) = postSolution
		SolutionGuid = {D894B087-3412-4B07-A99E-3FA12035D790}
	EndGlobalSection
EndGlobal
